# This file is automatically @generated by Cargo.
# It is not intended for manual editing.
version = 3

[[package]]
name = "bitflags"
version = "1.3.2"
source = "registry+https://github.com/rust-lang/crates.io-index"
checksum = "bef38d45163c2f1dde094a7dfd33ccf595c92905c8f8f4fdc18d06fb1037718a"

[[package]]
name = "block-sys"
version = "0.1.0-beta.1"
source = "registry+https://github.com/rust-lang/crates.io-index"
checksum = "0fa55741ee90902547802152aaf3f8e5248aab7e21468089560d4c8840561146"
dependencies = [
 "objc-sys",
]

[[package]]
name = "block2"
version = "0.2.0-alpha.6"
source = "registry+https://github.com/rust-lang/crates.io-index"
checksum = "8dd9e63c1744f755c2f60332b88de39d341e5e86239014ad839bd71c106dec42"
dependencies = [
 "block-sys",
 "objc2-encode",
]

[[package]]
name = "cc"
version = "1.0.78"
source = "registry+https://github.com/rust-lang/crates.io-index"
checksum = "a20104e2335ce8a659d6dd92a51a767a0c062599c73b343fd152cb401e828c3d"

[[package]]
name = "crunchy"
version = "0.2.2"
source = "registry+https://github.com/rust-lang/crates.io-index"
checksum = "7a81dae078cea95a014a339291cec439d2f232ebe854a9d672b796c6afafa9b7"

[[package]]
name = "hal"
version = "0.1.0"
dependencies = [
 "block2",
 "half",
 "mtl",
 "objc2",
]

[[package]]
name = "half"
version = "2.2.0"
source = "registry+https://github.com/rust-lang/crates.io-index"
checksum = "6c467d36af040b7b2681f5fddd27427f6da8d3d072f575a265e181d2f8e8d157"
dependencies = [
 "crunchy",
]

[[package]]
name = "main"
version = "0.1.0"
dependencies = [
 "zpu",
]

[[package]]
name = "mtl"
version = "0.1.0"
dependencies = [
 "bitflags",
 "block2",
 "cc",
 "objc2",
]

[[package]]
name = "objc-sys"
version = "0.2.0-beta.2"
source = "registry+https://github.com/rust-lang/crates.io-index"
checksum = "df3b9834c1e95694a05a828b59f55fa2afec6288359cda67146126b3f90a55d7"

[[package]]
name = "objc2"
version = "0.3.0-beta.3"
source = "registry+https://github.com/rust-lang/crates.io-index"
checksum = "fe31e5425d3d0b89a15982c024392815da40689aceb34bad364d58732bcfd649"
dependencies = [
 "block2",
 "objc-sys",
 "objc2-encode",
]

[[package]]
name = "objc2-encode"
version = "2.0.0-pre.2"
source = "registry+https://github.com/rust-lang/crates.io-index"
checksum = "abfcac41015b00a120608fdaa6938c44cb983fee294351cc4bac7638b4e50512"
dependencies = [
 "objc-sys",
]

[[package]]
name = "zpu"
version = "0.1.0"
dependencies = [
 "hal",
]
